
Microsoft Visual Studio Solution File, Format Version 10.00
# Visual Studio 2008
Project("{FAE04EC0-301F-11D3-BF4B-00C04F79EFBC}") = "CloudFilesLibrary", "CloudFilesLibrary\CloudFilesLibrary.csproj", "{6914DFDE-2405-4CB1-8E03-51685980249F}"
EndProject
Project("{FAE04EC0-301F-11D3-BF4B-00C04F79EFBC}") = "CloudUploader", "CloudUploader\CloudUploader.csproj", "{9C6C27D1-14F4-4690-9D19-91E593BC2691}"
EndProject
Global
	GlobalSection(SolutionConfigurationPlatforms) = preSolution
		Debug|Any CPU = Debug|Any CPU
		Release|Any CPU = Release|Any CPU
	EndGlobalSection
	GlobalSection(ProjectConfigurationPlatforms) = postSolution
		{6914DFDE-2405-4CB1-8E03-51685980249F}.Debug|Any CPU.ActiveCfg = Debug|Any CPU
		{6914DFDE-2405-4CB1-8E03-51685980249F}.Debug|Any CPU.Build.0 = Debug|Any CPU
		{6914DFDE-2405-4CB1-8E03-51685980249F}.Release|Any CPU.ActiveCfg = Release|Any CPU
		{6914DFDE-2405-4CB1-8E03-51685980249F}.Release|Any CPU.Build.0 = Release|Any CPU
		{9C6C27D1-14F4-4690-9D19-91E593BC2691}.Debug|Any CPU.ActiveCfg = Debug|Any CPU
		{9C6C27D1-14F4-4690-9D19-91E593BC2691}.Debug|Any CPU.Build.0 = Debug|Any CPU
		{9C6C27D1-14F4-4690-9D19-91E593BC2691}.Release|Any CPU.ActiveCfg = Release|Any CPU
		{9C6C27D1-14F4-4690-9D19-91E593BC2691}.Release|Any CPU.Build.0 = Release|Any CPU
	EndGlobalSection
	GlobalSection(SolutionProperties) = preSolution
		HideSolutionNode = FALSE
	EndGlobalSection
EndGlobal
